
Microsoft Visual Studio Solution File, Format Version 12.00
Project("{FAE04EC0-301F-11D3-BF4B-00C04F79EFBC}") = "dydelfy", "dydelfy\dydelfy.csproj", "{6412B90F-976A-4646-8F25-DABCB3ECC6AE}"
EndProject
Global
	GlobalSection(SolutionConfigurationPlatforms) = preSolution
		Debug|Any CPU = Debug|Any CPU
		Release|Any CPU = Release|Any CPU
	EndGlobalSection
	GlobalSection(ProjectConfigurationPlatforms) = postSolution
		{6412B90F-976A-4646-8F25-DABCB3ECC6AE}.Debug|Any CPU.ActiveCfg = Debug|Any CPU
		{6412B90F-976A-4646-8F25-DABCB3ECC6AE}.Debug|Any CPU.Build.0 = Debug|Any CPU
		{6412B90F-976A-4646-8F25-DABCB3ECC6AE}.Release|Any CPU.ActiveCfg = Release|Any CPU
		{6412B90F-976A-4646-8F25-DABCB3ECC6AE}.Release|Any CPU.Build.0 = Release|Any CPU
	EndGlobalSection
EndGlobal
